
Microsoft Visual Studio Solution File, Format Version 12.00
# Visual Studio Version 17
VisualStudioVersion = 17.4.33205.214
MinimumVisualStudioVersion = 10.0.40219.1
Project("{9A19103F-16F7-4668-BE54-9A1E7A4F7556}") = "PageObjectModel", "PageObjectModel\PageObjectModel.csproj", "{56DC6799-3E0B-49AB-BBBC-2B2F46558413}"
EndProject
Global
	GlobalSection(SolutionConfigurationPlatforms) = preSolution
		Debug|Any CPU = Debug|Any CPU
		Release|Any CPU = Release|Any CPU
	EndGlobalSection
	GlobalSection(ProjectConfigurationPlatforms) = postSolution
		{56DC6799-3E0B-49AB-BBBC-2B2F46558413}.Debug|Any CPU.ActiveCfg = Debug|Any CPU
		{56DC6799-3E0B-49AB-BBBC-2B2F46558413}.Debug|Any CPU.Build.0 = Debug|Any CPU
		{56DC6799-3E0B-49AB-BBBC-2B2F46558413}.Release|Any CPU.ActiveCfg = Release|Any CPU
		{56DC6799-3E0B-49AB-BBBC-2B2F46558413}.Release|Any CPU.Build.0 = Release|Any CPU
	EndGlobalSection
	GlobalSection(SolutionProperties) = preSolution
		HideSolutionNode = FALSE
	EndGlobalSection
	GlobalSection(ExtensibilityGlobals) = postSolution
		SolutionGuid = {C563C3AE-7496-4BB9-8770-303C0BA7F889}
	EndGlobalSection
EndGlobal
